proj_file_hash = "6eb79cbddbc524d6e8090c0ab25e4f1e"

[[dependencies]]
name = "character"
version = "1.0.1"
path = ".fixlang/deps/character_1.0.1"

[dependencies.git]
repo = "https://github.com/tttmmmyyyy/fixlang-character.git"
rev = "fd75a6634ec0c919f2d1703112d25da9a3c2346e"

[[dependencies]]
name = "minilib-binary"
version = "0.7.2"
path = ".fixlang/deps/minilib-binary_0.7.2"

[dependencies.git]
repo = "https://github.com/pt9999/fixlang-minilib-binary.git"
rev = "9886c20e8bc34a6a8a18dff900f2ec75acca82b7"

[[dependencies]]
name = "minilib-common"
version = "0.14.0"
path = ".fixlang/deps/minilib-common_0.14.0"

[dependencies.git]
repo = "https://github.com/pt9999/fixlang-minilib-common.git"
rev = "f29b872b8eca13fc5f30abfac94b4ef3a9a590d7"

[[dependencies]]
name = "minilib-text"
version = "0.10.1"
path = ".fixlang/deps/minilib-text_0.10.1"

[dependencies.git]
repo = "https://github.com/pt9999/fixlang-minilib-text.git"
rev = "08920f75c90354102c15691c9777ad928b8f9c26"

[[dependencies]]
name = "time"
version = "2.0.0"
path = ".fixlang/deps/time_2.0.0"

[dependencies.git]
repo = "https://github.com/tttmmmyyyy/fixlang-time.git"
rev = "bcf93dd61eb167e3ffe64ca9ca83ac2aea06587e"
