proj_file_hash = "dc439594b2aebeb107fd76b59b57ce3a"

[[dependencies]]
name = "character"
version = "1.0.1"
path = ".fixlang/deps/character_1.0.1"

[dependencies.git]
repo = "https://github.com/tttmmmyyyy/fixlang-character.git"
rev = "fd75a6634ec0c919f2d1703112d25da9a3c2346e"

[[dependencies]]
name = "minilib-binary"
version = "0.7.0"
path = ".fixlang/deps/minilib-binary_0.7.0"

[dependencies.git]
repo = "https://github.com/pt9999/fixlang-minilib-binary.git"
rev = "05ed746868a10f77c2af3433a0eb11886003db38"

[[dependencies]]
name = "minilib-common"
version = "0.14.0"
path = ".fixlang/deps/minilib-common_0.14.0"

[dependencies.git]
repo = "https://github.com/pt9999/fixlang-minilib-common.git"
rev = "f29b872b8eca13fc5f30abfac94b4ef3a9a590d7"

[[dependencies]]
name = "minilib-text"
version = "0.10.0"
path = ".fixlang/deps/minilib-text_0.10.0"

[dependencies.git]
repo = "https://github.com/pt9999/fixlang-minilib-text.git"
rev = "7d1493b006867b55ea5372b77281fe978f0a93db"

[[dependencies]]
name = "time"
version = "2.0.0"
path = ".fixlang/deps/time_2.0.0"

[dependencies.git]
repo = "https://github.com/tttmmmyyyy/fixlang-time.git"
rev = "bcf93dd61eb167e3ffe64ca9ca83ac2aea06587e"
